// !$*UTF8*$!
{
	archiveVersion = 1;
	classes = {
	};
	objectVersion = 50;
	objects = {

/* Begin PBXBuildFile section */
		D7291DC323FC9A3300E04B6D /* ObservableGameListener.swift in Sources */ = {isa = PBXBuildFile; fileRef = D7291DC223FC9A3300E04B6D /* ObservableGameListener.swift */; };
		D7291DC523FC9EC300E04B6D /* HomeView.swift in Sources */ = {isa = PBXBuildFile; fileRef = D7291DC423FC9EC300E04B6D /* HomeView.swift */; };
		D7291DC723FD751C00E04B6D /* GameOverView.swift in Sources */ = {isa = PBXBuildFile; fileRef = D7291DC623FD751C00E04B6D /* GameOverView.swift */; };
		D734727523FB3C1200012D8E /* GameAdapter.swift in Sources */ = {isa = PBXBuildFile; fileRef = D734727423FB3C1200012D8E /* GameAdapter.swift */; };
		D734727723FB3EE800012D8E /* Game.storyboard in Resources */ = {isa = PBXBuildFile; fileRef = D734727623FB3EE800012D8E /* Game.storyboard */; };
		D734727923FB583A00012D8E /* AnimationProvider.swift in Sources */ = {isa = PBXBuildFile; fileRef = D734727823FB583A00012D8E /* AnimationProvider.swift */; };
		D764991A23FC5AFA00AF28F9 /* Assets.xcassets in Resources */ = {isa = PBXBuildFile; fileRef = D764991823FC5AFA00AF28F9 /* Assets.xcassets */; };
		D764991E23FC5D3800AF28F9 /* CandySet.sks in Resources */ = {isa = PBXBuildFile; fileRef = D764991D23FC5D3800AF28F9 /* CandySet.sks */; };
		D764992023FC67BC00AF28F9 /* GameStates.swift in Sources */ = {isa = PBXBuildFile; fileRef = D764991F23FC67BC00AF28F9 /* GameStates.swift */; };
		D764992323FC699800AF28F9 /* GameBridge.swift in Sources */ = {isa = PBXBuildFile; fileRef = D764992223FC699800AF28F9 /* GameBridge.swift */; };
		D77539EE23FDCE4300DE55A3 /* HomeButtonView.swift in Sources */ = {isa = PBXBuildFile; fileRef = D77539ED23FDCE4300DE55A3 /* HomeButtonView.swift */; };
		D7A93EDB23FB388800C5845E /* AppDelegate.swift in Sources */ = {isa = PBXBuildFile; fileRef = D7A93EDA23FB388800C5845E /* AppDelegate.swift */; };
		D7A93EDD23FB388800C5845E /* SceneDelegate.swift in Sources */ = {isa = PBXBuildFile; fileRef = D7A93EDC23FB388800C5845E /* SceneDelegate.swift */; };
		D7A93EDF23FB388800C5845E /* ContentView.swift in Sources */ = {isa = PBXBuildFile; fileRef = D7A93EDE23FB388800C5845E /* ContentView.swift */; };
		D7A93EE423FB388A00C5845E /* Preview Assets.xcassets in Resources */ = {isa = PBXBuildFile; fileRef = D7A93EE323FB388A00C5845E /* Preview Assets.xcassets */; };
		D7A93EE723FB388A00C5845E /* LaunchScreen.storyboard in Resources */ = {isa = PBXBuildFile; fileRef = D7A93EE523FB388A00C5845E /* LaunchScreen.storyboard */; };
		D7A93F1923FB3BBF00C5845E /* Background.swift in Sources */ = {isa = PBXBuildFile; fileRef = D7A93EF023FB3BBF00C5845E /* Background.swift */; };
		D7A93F1A23FB3BBF00C5845E /* ZPositionManager.swift in Sources */ = {isa = PBXBuildFile; fileRef = D7A93EF123FB3BBF00C5845E /* ZPositionManager.swift */; };
		D7A93F1B23FB3BBF00C5845E /* SpeedManager.swift in Sources */ = {isa = PBXBuildFile; fileRef = D7A93EF223FB3BBF00C5845E /* SpeedManager.swift */; };
		D7A93F1C23FB3BBF00C5845E /* CoinFactory.swift in Sources */ = {isa = PBXBuildFile; fileRef = D7A93EF323FB3BBF00C5845E /* CoinFactory.swift */; };
		D7A93F1D23FB3BBF00C5845E /* Assets.xcassets in Resources */ = {isa = PBXBuildFile; fileRef = D7A93EF523FB3BBF00C5845E /* Assets.xcassets */; };
		D7A93F1E23FB3BBF00C5845E /* MissleSmoke.sks in Resources */ = {isa = PBXBuildFile; fileRef = D7A93EF623FB3BBF00C5845E /* MissleSmoke.sks */; };
		D7A93F1F23FB3BBF00C5845E /* Spark.sks in Resources */ = {isa = PBXBuildFile; fileRef = D7A93EF723FB3BBF00C5845E /* Spark.sks */; };
		D7A93F2023FB3BBF00C5845E /* BatcarFire.sks in Resources */ = {isa = PBXBuildFile; fileRef = D7A93EF823FB3BBF00C5845E /* BatcarFire.sks */; };
		D7A93F2123FB3BBF00C5845E /* Utils.swift in Sources */ = {isa = PBXBuildFile; fileRef = D7A93EFA23FB3BBF00C5845E /* Utils.swift */; };
		D7A93F2223FB3BBF00C5845E /* GaussianDistribution.swift in Sources */ = {isa = PBXBuildFile; fileRef = D7A93EFB23FB3BBF00C5845E /* GaussianDistribution.swift */; };
		D7A93F2323FB3BBF00C5845E /* ContactMask.swift in Sources */ = {isa = PBXBuildFile; fileRef = D7A93EFC23FB3BBF00C5845E /* ContactMask.swift */; };
		D7A93F2423FB3BBF00C5845E /* Interactable.swift in Sources */ = {isa = PBXBuildFile; fileRef = D7A93EFE23FB3BBF00C5845E /* Interactable.swift */; };
		D7A93F2523FB3BBF00C5845E /* SpawnCoordinator.swift in Sources */ = {isa = PBXBuildFile; fileRef = D7A93EFF23FB3BBF00C5845E /* SpawnCoordinator.swift */; };
		D7A93F2623FB3BBF00C5845E /* GameObject.swift in Sources */ = {isa = PBXBuildFile; fileRef = D7A93F0023FB3BBF00C5845E /* GameObject.swift */; };
		D7A93F2723FB3BBF00C5845E /* Player.swift in Sources */ = {isa = PBXBuildFile; fileRef = D7A93F0123FB3BBF00C5845E /* Player.swift */; };
		D7A93F2823FB3BBF00C5845E /* CoinNode.swift in Sources */ = {isa = PBXBuildFile; fileRef = D7A93F0323FB3BBF00C5845E /* CoinNode.swift */; };
		D7A93F2923FB3BBF00C5845E /* Pickable.swift in Sources */ = {isa = PBXBuildFile; fileRef = D7A93F0423FB3BBF00C5845E /* Pickable.swift */; };
		D7A93F2A23FB3BBF00C5845E /* CoinSpawner.swift in Sources */ = {isa = PBXBuildFile; fileRef = D7A93F0523FB3BBF00C5845E /* CoinSpawner.swift */; };
		D7A93F2B23FB3BBF00C5845E /* GameScene.sks in Resources */ = {isa = PBXBuildFile; fileRef = D7A93F0623FB3BBF00C5845E /* GameScene.sks */; };
		D7A93F2C23FB3BBF00C5845E /* GameScene.swift in Sources */ = {isa = PBXBuildFile; fileRef = D7A93F0723FB3BBF00C5845E /* GameScene.swift */; };
		D7A93F2D23FB3BBF00C5845E /* Enemy.swift in Sources */ = {isa = PBXBuildFile; fileRef = D7A93F0A23FB3BBF00C5845E /* Enemy.swift */; };
		D7A93F2E23FB3BBF00C5845E /* EnemyManager.swift in Sources */ = {isa = PBXBuildFile; fileRef = D7A93F0B23FB3BBF00C5845E /* EnemyManager.swift */; };
		D7A93F2F23FB3BBF00C5845E /* PenguinEnemyManager.swift in Sources */ = {isa = PBXBuildFile; fileRef = D7A93F0D23FB3BBF00C5845E /* PenguinEnemyManager.swift */; };
		D7A93F3023FB3BBF00C5845E /* PenguinEnemy.swift in Sources */ = {isa = PBXBuildFile; fileRef = D7A93F0E23FB3BBF00C5845E /* PenguinEnemy.swift */; };
		D7A93F3123FB3BBF00C5845E /* MissleEnemy.swift in Sources */ = {isa = PBXBuildFile; fileRef = D7A93F1023FB3BBF00C5845E /* MissleEnemy.swift */; };
		D7A93F3223FB3BBF00C5845E /* MissleEnemyManager.swift in Sources */ = {isa = PBXBuildFile; fileRef = D7A93F1123FB3BBF00C5845E /* MissleEnemyManager.swift */; };
		D7A93F3323FB3BBF00C5845E /* LaserEnemy.swift in Sources */ = {isa = PBXBuildFile; fileRef = D7A93F1323FB3BBF00C5845E /* LaserEnemy.swift */; };
		D7A93F3423FB3BBF00C5845E /* LaserEnemyManger.swift in Sources */ = {isa = PBXBuildFile; fileRef = D7A93F1423FB3BBF00C5845E /* LaserEnemyManger.swift */; };
		D7A93F3523FB3BBF00C5845E /* MissleStates.swift in Sources */ = {isa = PBXBuildFile; fileRef = D7A93F1623FB3BBF00C5845E /* MissleStates.swift */; };
		D7A93F3623FB3BBF00C5845E /* PlayerStates.swift in Sources */ = {isa = PBXBuildFile; fileRef = D7A93F1723FB3BBF00C5845E /* PlayerStates.swift */; };
		D7A93F3723FB3BBF00C5845E /* GameViewController.swift in Sources */ = {isa = PBXBuildFile; fileRef = D7A93F1823FB3BBF00C5845E /* GameViewController.swift */; };
/* End PBXBuildFile section */

/* Begin PBXFileReference section */
		D7291DC223FC9A3300E04B6D /* ObservableGameListener.swift */ = {isa = PBXFileReference; lastKnownFileType = sourcecode.swift; path = ObservableGameListener.swift; sourceTree = "<group>"; };
		D7291DC423FC9EC300E04B6D /* HomeView.swift */ = {isa = PBXFileReference; lastKnownFileType = sourcecode.swift; path = HomeView.swift; sourceTree = "<group>"; };
		D7291DC623FD751C00E04B6D /* GameOverView.swift */ = {isa = PBXFileReference; lastKnownFileType = sourcecode.swift; path = GameOverView.swift; sourceTree = "<group>"; };
		D734727423FB3C1200012D8E /* GameAdapter.swift */ = {isa = PBXFileReference; lastKnownFileType = sourcecode.swift; path = GameAdapter.swift; sourceTree = "<group>"; };
		D734727623FB3EE800012D8E /* Game.storyboard */ = {isa = PBXFileReference; fileEncoding = 4; lastKnownFileType = file.storyboard; path = Game.storyboard; sourceTree = "<group>"; };
		D734727823FB583A00012D8E /* AnimationProvider.swift */ = {isa = PBXFileReference; lastKnownFileType = sourcecode.swift; path = AnimationProvider.swift; sourceTree = "<group>"; };
		D764991823FC5AFA00AF28F9 /* Assets.xcassets */ = {isa = PBXFileReference; lastKnownFileType = folder.assetcatalog; path = Assets.xcassets; sourceTree = "<group>"; };
		D764991D23FC5D3800AF28F9 /* CandySet.sks */ = {isa = PBXFileReference; lastKnownFileType = file.sks; path = CandySet.sks; sourceTree = "<group>"; };
		D764991F23FC67BC00AF28F9 /* GameStates.swift */ = {isa = PBXFileReference; lastKnownFileType = sourcecode.swift; path = GameStates.swift; sourceTree = "<group>"; };
		D764992223FC699800AF28F9 /* GameBridge.swift */ = {isa = PBXFileReference; lastKnownFileType = sourcecode.swift; path = GameBridge.swift; sourceTree = "<group>"; };
		D77539ED23FDCE4300DE55A3 /* HomeButtonView.swift */ = {isa = PBXFileReference; lastKnownFileType = sourcecode.swift; path = HomeButtonView.swift; sourceTree = "<group>"; };
		D7A93ED723FB388800C5845E /* NC3.app */ = {isa = PBXFileReference; explicitFileType = wrapper.application; includeInIndex = 0; path = NC3.app; sourceTree = BUILT_PRODUCTS_DIR; };
		D7A93EDA23FB388800C5845E /* AppDelegate.swift */ = {isa = PBXFileReference; lastKnownFileType = sourcecode.swift; path = AppDelegate.swift; sourceTree = "<group>"; };
		D7A93EDC23FB388800C5845E /* SceneDelegate.swift */ = {isa = PBXFileReference; lastKnownFileType = sourcecode.swift; path = SceneDelegate.swift; sourceTree = "<group>"; };
		D7A93EDE23FB388800C5845E /* ContentView.swift */ = {isa = PBXFileReference; lastKnownFileType = sourcecode.swift; path = ContentView.swift; sourceTree = "<group>"; };
		D7A93EE323FB388A00C5845E /* Preview Assets.xcassets */ = {isa = PBXFileReference; lastKnownFileType = folder.assetcatalog; path = "Preview Assets.xcassets"; sourceTree = "<group>"; };
		D7A93EE623FB388A00C5845E /* Base */ = {isa = PBXFileReference; lastKnownFileType = file.storyboard; name = Base; path = Base.lproj/LaunchScreen.storyboard; sourceTree = "<group>"; };
		D7A93EE823FB388A00C5845E /* Info.plist */ = {isa = PBXFileReference; lastKnownFileType = text.plist.xml; path = Info.plist; sourceTree = "<group>"; };
		D7A93EF023FB3BBF00C5845E /* Background.swift */ = {isa = PBXFileReference; fileEncoding = 4; lastKnownFileType = sourcecode.swift; path = Background.swift; sourceTree = "<group>"; };
		D7A93EF123FB3BBF00C5845E /* ZPositionManager.swift */ = {isa = PBXFileReference; fileEncoding = 4; lastKnownFileType = sourcecode.swift; path = ZPositionManager.swift; sourceTree = "<group>"; };
		D7A93EF223FB3BBF00C5845E /* SpeedManager.swift */ = {isa = PBXFileReference; fileEncoding = 4; lastKnownFileType = sourcecode.swift; path = SpeedManager.swift; sourceTree = "<group>"; };
		D7A93EF323FB3BBF00C5845E /* CoinFactory.swift */ = {isa = PBXFileReference; fileEncoding = 4; lastKnownFileType = sourcecode.swift; path = CoinFactory.swift; sourceTree = "<group>"; };
		D7A93EF523FB3BBF00C5845E /* Assets.xcassets */ = {isa = PBXFileReference; lastKnownFileType = folder.assetcatalog; path = Assets.xcassets; sourceTree = "<group>"; };
		D7A93EF623FB3BBF00C5845E /* MissleSmoke.sks */ = {isa = PBXFileReference; lastKnownFileType = file.sks; path = MissleSmoke.sks; sourceTree = "<group>"; };
		D7A93EF723FB3BBF00C5845E /* Spark.sks */ = {isa = PBXFileReference; lastKnownFileType = file.sks; path = Spark.sks; sourceTree = "<group>"; };
		D7A93EF823FB3BBF00C5845E /* BatcarFire.sks */ = {isa = PBXFileReference; lastKnownFileType = file.sks; path = BatcarFire.sks; sourceTree = "<group>"; };
		D7A93EFA23FB3BBF00C5845E /* Utils.swift */ = {isa = PBXFileReference; fileEncoding = 4; lastKnownFileType = sourcecode.swift; path = Utils.swift; sourceTree = "<group>"; };
		D7A93EFB23FB3BBF00C5845E /* GaussianDistribution.swift */ = {isa = PBXFileReference; fileEncoding = 4; lastKnownFileType = sourcecode.swift; path = GaussianDistribution.swift; sourceTree = "<group>"; };
		D7A93EFC23FB3BBF00C5845E /* ContactMask.swift */ = {isa = PBXFileReference; fileEncoding = 4; lastKnownFileType = sourcecode.swift; path = ContactMask.swift; sourceTree = "<group>"; };
		D7A93EFE23FB3BBF00C5845E /* Interactable.swift */ = {isa = PBXFileReference; fileEncoding = 4; lastKnownFileType = sourcecode.swift; path = Interactable.swift; sourceTree = "<group>"; };
		D7A93EFF23FB3BBF00C5845E /* SpawnCoordinator.swift */ = {isa = PBXFileReference; fileEncoding = 4; lastKnownFileType = sourcecode.swift; path = SpawnCoordinator.swift; sourceTree = "<group>"; };
		D7A93F0023FB3BBF00C5845E /* GameObject.swift */ = {isa = PBXFileReference; fileEncoding = 4; lastKnownFileType = sourcecode.swift; path = GameObject.swift; sourceTree = "<group>"; };
		D7A93F0123FB3BBF00C5845E /* Player.swift */ = {isa = PBXFileReference; fileEncoding = 4; lastKnownFileType = sourcecode.swift; path = Player.swift; sourceTree = "<group>"; };
		D7A93F0323FB3BBF00C5845E /* CoinNode.swift */ = {isa = PBXFileReference; fileEncoding = 4; lastKnownFileType = sourcecode.swift; path = CoinNode.swift; sourceTree = "<group>"; };
		D7A93F0423FB3BBF00C5845E /* Pickable.swift */ = {isa = PBXFileReference; fileEncoding = 4; lastKnownFileType = sourcecode.swift; path = Pickable.swift; sourceTree = "<group>"; };
		D7A93F0523FB3BBF00C5845E /* CoinSpawner.swift */ = {isa = PBXFileReference; fileEncoding = 4; lastKnownFileType = sourcecode.swift; path = CoinSpawner.swift; sourceTree = "<group>"; };
		D7A93F0623FB3BBF00C5845E /* GameScene.sks */ = {isa = PBXFileReference; lastKnownFileType = file.sks; path = GameScene.sks; sourceTree = "<group>"; };
		D7A93F0723FB3BBF00C5845E /* GameScene.swift */ = {isa = PBXFileReference; fileEncoding = 4; lastKnownFileType = sourcecode.swift; path = GameScene.swift; sourceTree = "<group>"; };
		D7A93F0A23FB3BBF00C5845E /* Enemy.swift */ = {isa = PBXFileReference; fileEncoding = 4; lastKnownFileType = sourcecode.swift; path = Enemy.swift; sourceTree = "<group>"; };
		D7A93F0B23FB3BBF00C5845E /* EnemyManager.swift */ = {isa = PBXFileReference; fileEncoding = 4; lastKnownFileType = sourcecode.swift; path = EnemyManager.swift; sourceTree = "<group>"; };
		D7A93F0D23FB3BBF00C5845E /* PenguinEnemyManager.swift */ = {isa = PBXFileReference; fileEncoding = 4; lastKnownFileType = sourcecode.swift; path = PenguinEnemyManager.swift; sourceTree = "<group>"; };
		D7A93F0E23FB3BBF00C5845E /* PenguinEnemy.swift */ = {isa = PBXFileReference; fileEncoding = 4; lastKnownFileType = sourcecode.swift; path = PenguinEnemy.swift; sourceTree = "<group>"; };
		D7A93F1023FB3BBF00C5845E /* MissleEnemy.swift */ = {isa = PBXFileReference; fileEncoding = 4; lastKnownFileType = sourcecode.swift; path = MissleEnemy.swift; sourceTree = "<group>"; };
		D7A93F1123FB3BBF00C5845E /* MissleEnemyManager.swift */ = {isa = PBXFileReference; fileEncoding = 4; lastKnownFileType = sourcecode.swift; path = MissleEnemyManager.swift; sourceTree = "<group>"; };
		D7A93F1323FB3BBF00C5845E /* LaserEnemy.swift */ = {isa = PBXFileReference; fileEncoding = 4; lastKnownFileType = sourcecode.swift; path = LaserEnemy.swift; sourceTree = "<group>"; };
		D7A93F1423FB3BBF00C5845E /* LaserEnemyManger.swift */ = {isa = PBXFileReference; fileEncoding = 4; lastKnownFileType = sourcecode.swift; path = LaserEnemyManger.swift; sourceTree = "<group>"; };
		D7A93F1623FB3BBF00C5845E /* MissleStates.swift */ = {isa = PBXFileReference; fileEncoding = 4; lastKnownFileType = sourcecode.swift; path = MissleStates.swift; sourceTree = "<group>"; };
		D7A93F1723FB3BBF00C5845E /* PlayerStates.swift */ = {isa = PBXFileReference; fileEncoding = 4; lastKnownFileType = sourcecode.swift; path = PlayerStates.swift; sourceTree = "<group>"; };
		D7A93F1823FB3BBF00C5845E /* GameViewController.swift */ = {isa = PBXFileReference; fileEncoding = 4; lastKnownFileType = sourcecode.swift; path = GameViewController.swift; sourceTree = "<group>"; };
/* End PBXFileReference section */

/* Begin PBXFrameworksBuildPhase section */
		D7A93ED423FB388800C5845E /* Frameworks */ = {
			isa = PBXFrameworksBuildPhase;
			buildActionMask = 2147483647;
			files = (
			);
			runOnlyForDeploymentPostprocessing = 0;
		};
/* End PBXFrameworksBuildPhase section */

/* Begin PBXGroup section */
		D764992123FC699100AF28F9 /* shared */ = {
			isa = PBXGroup;
			children = (
				D734727423FB3C1200012D8E /* GameAdapter.swift */,
				D764992223FC699800AF28F9 /* GameBridge.swift */,
				D7291DC223FC9A3300E04B6D /* ObservableGameListener.swift */,
			);
			path = shared;
			sourceTree = "<group>";
		};
		D7A93ECE23FB388800C5845E = {
			isa = PBXGroup;
			children = (
				D7A93ED923FB388800C5845E /* NC3 */,
				D7A93ED823FB388800C5845E /* Products */,
			);
			sourceTree = "<group>";
		};
		D7A93ED823FB388800C5845E /* Products */ = {
			isa = PBXGroup;
			children = (
				D7A93ED723FB388800C5845E /* NC3.app */,
			);
			name = Products;
			sourceTree = "<group>";
		};
		D7A93ED923FB388800C5845E /* NC3 */ = {
			isa = PBXGroup;
			children = (
				D764992123FC699100AF28F9 /* shared */,
				D7A93EEE23FB3B7500C5845E /* game */,
				D7A93EDE23FB388800C5845E /* ContentView.swift */,
				D7291DC623FD751C00E04B6D /* GameOverView.swift */,
				D7291DC423FC9EC300E04B6D /* HomeView.swift */,
				D77539ED23FDCE4300DE55A3 /* HomeButtonView.swift */,
				D7A93EDA23FB388800C5845E /* AppDelegate.swift */,
				D7A93EDC23FB388800C5845E /* SceneDelegate.swift */,
				D7A93EE523FB388A00C5845E /* LaunchScreen.storyboard */,
				D7A93EE823FB388A00C5845E /* Info.plist */,
				D7A93EE223FB388A00C5845E /* Preview Content */,
				D764991823FC5AFA00AF28F9 /* Assets.xcassets */,
				D764991D23FC5D3800AF28F9 /* CandySet.sks */,
			);
			path = NC3;
			sourceTree = "<group>";
		};
		D7A93EE223FB388A00C5845E /* Preview Content */ = {
			isa = PBXGroup;
			children = (
				D7A93EE323FB388A00C5845E /* Preview Assets.xcassets */,
			);
			path = "Preview Content";
			sourceTree = "<group>";
		};
		D7A93EEE23FB3B7500C5845E /* game */ = {
			isa = PBXGroup;
			children = (
				D7A93EFD23FB3BBF00C5845E /* core */,
				D7A93F0823FB3BBF00C5845E /* enemy */,
				D7A93F1523FB3BBF00C5845E /* gameplaykit */,
				D7A93EEF23FB3BBF00C5845E /* model */,
				D7A93EF423FB3BBF00C5845E /* particles */,
				D7A93F0223FB3BBF00C5845E /* pickable */,
				D7A93EF923FB3BBF00C5845E /* utils */,
				D7A93F0723FB3BBF00C5845E /* GameScene.swift */,
				D7A93F0623FB3BBF00C5845E /* GameScene.sks */,
				D7A93F1823FB3BBF00C5845E /* GameViewController.swift */,
				D734727623FB3EE800012D8E /* Game.storyboard */,
			);
			path = game;
			sourceTree = "<group>";
		};
		D7A93EEF23FB3BBF00C5845E /* model */ = {
			isa = PBXGroup;
			children = (
				D734727823FB583A00012D8E /* AnimationProvider.swift */,
				D7A93EF023FB3BBF00C5845E /* Background.swift */,
				D7A93EF323FB3BBF00C5845E /* CoinFactory.swift */,
				D7A93EFC23FB3BBF00C5845E /* ContactMask.swift */,
				D7A93F0123FB3BBF00C5845E /* Player.swift */,
				D7A93EFF23FB3BBF00C5845E /* SpawnCoordinator.swift */,
				D7A93EF223FB3BBF00C5845E /* SpeedManager.swift */,
				D7A93EF123FB3BBF00C5845E /* ZPositionManager.swift */,
			);
			path = model;
			sourceTree = "<group>";
		};
		D7A93EF423FB3BBF00C5845E /* particles */ = {
			isa = PBXGroup;
			children = (
				D7A93EF523FB3BBF00C5845E /* Assets.xcassets */,
				D7A93EF623FB3BBF00C5845E /* MissleSmoke.sks */,
				D7A93EF723FB3BBF00C5845E /* Spark.sks */,
				D7A93EF823FB3BBF00C5845E /* BatcarFire.sks */,
			);
			path = particles;
			sourceTree = "<group>";
		};
		D7A93EF923FB3BBF00C5845E /* utils */ = {
			isa = PBXGroup;
			children = (
				D7A93EFA23FB3BBF00C5845E /* Utils.swift */,
				D7A93EFB23FB3BBF00C5845E /* GaussianDistribution.swift */,
			);
			path = utils;
			sourceTree = "<group>";
		};
		D7A93EFD23FB3BBF00C5845E /* core */ = {
			isa = PBXGroup;
			children = (
				D7A93EFE23FB3BBF00C5845E /* Interactable.swift */,
				D7A93F0023FB3BBF00C5845E /* GameObject.swift */,
			);
			path = core;
			sourceTree = "<group>";
		};
		D7A93F0223FB3BBF00C5845E /* pickable */ = {
			isa = PBXGroup;
			children = (
				D7A93F0323FB3BBF00C5845E /* CoinNode.swift */,
				D7A93F0423FB3BBF00C5845E /* Pickable.swift */,
				D7A93F0523FB3BBF00C5845E /* CoinSpawner.swift */,
			);
			path = pickable;
			sourceTree = "<group>";
		};
		D7A93F0823FB3BBF00C5845E /* enemy */ = {
			isa = PBXGroup;
			children = (
				D7A93F0923FB3BBF00C5845E /* core */,
				D7A93F0C23FB3BBF00C5845E /* penguin */,
				D7A93F0F23FB3BBF00C5845E /* missle */,
				D7A93F1223FB3BBF00C5845E /* laser */,
			);
			path = enemy;
			sourceTree = "<group>";
		};
		D7A93F0923FB3BBF00C5845E /* core */ = {
			isa = PBXGroup;
			children = (
				D7A93F0A23FB3BBF00C5845E /* Enemy.swift */,
				D7A93F0B23FB3BBF00C5845E /* EnemyManager.swift */,
			);
			path = core;
			sourceTree = "<group>";
		};
		D7A93F0C23FB3BBF00C5845E /* penguin */ = {
			isa = PBXGroup;
			children = (
				D7A93F0D23FB3BBF00C5845E /* PenguinEnemyManager.swift */,
				D7A93F0E23FB3BBF00C5845E /* PenguinEnemy.swift */,
			);
			path = penguin;
			sourceTree = "<group>";
		};
		D7A93F0F23FB3BBF00C5845E /* missle */ = {
			isa = PBXGroup;
			children = (
				D7A93F1023FB3BBF00C5845E /* MissleEnemy.swift */,
				D7A93F1123FB3BBF00C5845E /* MissleEnemyManager.swift */,
			);
			path = missle;
			sourceTree = "<group>";
		};
		D7A93F1223FB3BBF00C5845E /* laser */ = {
			isa = PBXGroup;
			children = (
				D7A93F1323FB3BBF00C5845E /* LaserEnemy.swift */,
				D7A93F1423FB3BBF00C5845E /* LaserEnemyManger.swift */,
			);
			path = laser;
			sourceTree = "<group>";
		};
		D7A93F1523FB3BBF00C5845E /* gameplaykit */ = {
			isa = PBXGroup;
			children = (
				D7A93F1623FB3BBF00C5845E /* MissleStates.swift */,
				D7A93F1723FB3BBF00C5845E /* PlayerStates.swift */,
				D764991F23FC67BC00AF28F9 /* GameStates.swift */,
			);
			path = gameplaykit;
			sourceTree = "<group>";
		};
/* End PBXGroup section */

/* Begin PBXNativeTarget section */
		D7A93ED623FB388800C5845E /* NC3 */ = {
			isa = PBXNativeTarget;
			buildConfigurationList = D7A93EEB23FB388A00C5845E /* Build configuration list for PBXNativeTarget "NC3" */;
			buildPhases = (
				D7A93ED323FB388800C5845E /* Sources */,
				D7A93ED423FB388800C5845E /* Frameworks */,
				D7A93ED523FB388800C5845E /* Resources */,
			);
			buildRules = (
			);
			dependencies = (
			);
			name = NC3;
			productName = NC3;
			productReference = D7A93ED723FB388800C5845E /* NC3.app */;
			productType = "com.apple.product-type.application";
		};
/* End PBXNativeTarget section */

/* Begin PBXProject section */
		D7A93ECF23FB388800C5845E /* Project object */ = {
			isa = PBXProject;
			attributes = {
				LastSwiftUpdateCheck = 1130;
				LastUpgradeCheck = 1130;
				ORGANIZATIONNAME = "Bruno Pastre";
				TargetAttributes = {
					D7A93ED623FB388800C5845E = {
						CreatedOnToolsVersion = 11.3.1;
					};
				};
			};
			buildConfigurationList = D7A93ED223FB388800C5845E /* Build configuration list for PBXProject "NC3" */;
			compatibilityVersion = "Xcode 9.3";
			developmentRegion = en;
			hasScannedForEncodings = 0;
			knownRegions = (
				en,
				Base,
			);
			mainGroup = D7A93ECE23FB388800C5845E;
			productRefGroup = D7A93ED823FB388800C5845E /* Products */;
			projectDirPath = "";
			projectRoot = "";
			targets = (
				D7A93ED623FB388800C5845E /* NC3 */,
			);
		};
/* End PBXProject section */

/* Begin PBXResourcesBuildPhase section */
		D7A93ED523FB388800C5845E /* Resources */ = {
			isa = PBXResourcesBuildPhase;
			buildActionMask = 2147483647;
			files = (
				D7A93EE723FB388A00C5845E /* LaunchScreen.storyboard in Resources */,
				D7A93EE423FB388A00C5845E /* Preview Assets.xcassets in Resources */,
				D7A93F1E23FB3BBF00C5845E /* MissleSmoke.sks in Resources */,
				D7A93F2023FB3BBF00C5845E /* BatcarFire.sks in Resources */,
				D764991A23FC5AFA00AF28F9 /* Assets.xcassets in Resources */,
				D7A93F2B23FB3BBF00C5845E /* GameScene.sks in Resources */,
				D7A93F1D23FB3BBF00C5845E /* Assets.xcassets in Resources */,
				D764991E23FC5D3800AF28F9 /* CandySet.sks in Resources */,
				D734727723FB3EE800012D8E /* Game.storyboard in Resources */,
				D7A93F1F23FB3BBF00C5845E /* Spark.sks in Resources */,
			);
			runOnlyForDeploymentPostprocessing = 0;
		};
/* End PBXResourcesBuildPhase section */

/* Begin PBXSourcesBuildPhase section */
		D7A93ED323FB388800C5845E /* Sources */ = {
			isa = PBXSourcesBuildPhase;
			buildActionMask = 2147483647;
			files = (
				D7A93F1C23FB3BBF00C5845E /* CoinFactory.swift in Sources */,
				D7A93F2A23FB3BBF00C5845E /* CoinSpawner.swift in Sources */,
				D7A93EDB23FB388800C5845E /* AppDelegate.swift in Sources */,
				D7A93F2523FB3BBF00C5845E /* SpawnCoordinator.swift in Sources */,
				D7A93F1B23FB3BBF00C5845E /* SpeedManager.swift in Sources */,
				D734727523FB3C1200012D8E /* GameAdapter.swift in Sources */,
				D7A93F2923FB3BBF00C5845E /* Pickable.swift in Sources */,
				D7A93F2723FB3BBF00C5845E /* Player.swift in Sources */,
				D7291DC523FC9EC300E04B6D /* HomeView.swift in Sources */,
				D7A93F2623FB3BBF00C5845E /* GameObject.swift in Sources */,
				D7A93F3723FB3BBF00C5845E /* GameViewController.swift in Sources */,
				D7A93EDD23FB388800C5845E /* SceneDelegate.swift in Sources */,
				D7A93F2D23FB3BBF00C5845E /* Enemy.swift in Sources */,
				D7A93F2223FB3BBF00C5845E /* GaussianDistribution.swift in Sources */,
				D7A93EDF23FB388800C5845E /* ContentView.swift in Sources */,
				D7291DC323FC9A3300E04B6D /* ObservableGameListener.swift in Sources */,
				D734727923FB583A00012D8E /* AnimationProvider.swift in Sources */,
				D77539EE23FDCE4300DE55A3 /* HomeButtonView.swift in Sources */,
				D7A93F2823FB3BBF00C5845E /* CoinNode.swift in Sources */,
				D7A93F2C23FB3BBF00C5845E /* GameScene.swift in Sources */,
				D7A93F2E23FB3BBF00C5845E /* EnemyManager.swift in Sources */,
				D7A93F1A23FB3BBF00C5845E /* ZPositionManager.swift in Sources */,
				D7A93F3123FB3BBF00C5845E /* MissleEnemy.swift in Sources */,
				D7A93F3223FB3BBF00C5845E /* MissleEnemyManager.swift in Sources */,
				D7A93F1923FB3BBF00C5845E /* Background.swift in Sources */,
				D7A93F3023FB3BBF00C5845E /* PenguinEnemy.swift in Sources */,
				D7A93F2F23FB3BBF00C5845E /* PenguinEnemyManager.swift in Sources */,
				D7A93F2423FB3BBF00C5845E /* Interactable.swift in Sources */,
				D764992023FC67BC00AF28F9 /* GameStates.swift in Sources */,
				D7A93F3623FB3BBF00C5845E /* PlayerStates.swift in Sources */,
				D7A93F3423FB3BBF00C5845E /* LaserEnemyManger.swift in Sources */,
				D7A93F3323FB3BBF00C5845E /* LaserEnemy.swift in Sources */,
				D7A93F2323FB3BBF00C5845E /* ContactMask.swift in Sources */,
				D7A93F3523FB3BBF00C5845E /* MissleStates.swift in Sources */,
				D764992323FC699800AF28F9 /* GameBridge.swift in Sources */,
				D7291DC723FD751C00E04B6D /* GameOverView.swift in Sources */,
				D7A93F2123FB3BBF00C5845E /* Utils.swift in Sources */,
			);
			runOnlyForDeploymentPostprocessing = 0;
		};
/* End PBXSourcesBuildPhase section */

/* Begin PBXVariantGroup section */
		D7A93EE523FB388A00C5845E /* LaunchScreen.storyboard */ = {
			isa = PBXVariantGroup;
			children = (
				D7A93EE623FB388A00C5845E /* Base */,
			);
			name = LaunchScreen.storyboard;
			sourceTree = "<group>";
		};
/* End PBXVariantGroup section */

/* Begin XCBuildConfiguration section */
		D7A93EE923FB388A00C5845E /* Debug */ = {
			isa = XCBuildConfiguration;
			buildSettings = {
				ALWAYS_SEARCH_USER_PATHS = NO;
				CLANG_ANALYZER_NONNULL = YES;
				CLANG_ANALYZER_NUMBER_OBJECT_CONVERSION = YES_AGGRESSIVE;
				CLANG_CXX_LANGUAGE_STANDARD = "gnu++14";
				CLANG_CXX_LIBRARY = "libc++";
				CLANG_ENABLE_MODULES = YES;
				CLANG_ENABLE_OBJC_ARC = YES;
				CLANG_ENABLE_OBJC_WEAK = YES;
				CLANG_WARN_BLOCK_CAPTURE_AUTORELEASING = YES;
				CLANG_WARN_BOOL_CONVERSION = YES;
				CLANG_WARN_COMMA = YES;
				CLANG_WARN_CONSTANT_CONVERSION = YES;
				CLANG_WARN_DEPRECATED_OBJC_IMPLEMENTATIONS = YES;
				CLANG_WARN_DIRECT_OBJC_ISA_USAGE = YES_ERROR;
				CLANG_WARN_DOCUMENTATION_COMMENTS = YES;
				CLANG_WARN_EMPTY_BODY = YES;
				CLANG_WARN_ENUM_CONVERSION = YES;
				CLANG_WARN_INFINITE_RECURSION = YES;
				CLANG_WARN_INT_CONVERSION = YES;
				CLANG_WARN_NON_LITERAL_NULL_CONVERSION = YES;
				CLANG_WARN_OBJC_IMPLICIT_RETAIN_SELF = YES;
				CLANG_WARN_OBJC_LITERAL_CONVERSION = YES;
				CLANG_WARN_OBJC_ROOT_CLASS = YES_ERROR;
				CLANG_WARN_RANGE_LOOP_ANALYSIS = YES;
				CLANG_WARN_STRICT_PROTOTYPES = YES;
				CLANG_WARN_SUSPICIOUS_MOVE = YES;
				CLANG_WARN_UNGUARDED_AVAILABILITY = YES_AGGRESSIVE;
				CLANG_WARN_UNREACHABLE_CODE = YES;
				CLANG_WARN__DUPLICATE_METHOD_MATCH = YES;
				COPY_PHASE_STRIP = NO;
				DEBUG_INFORMATION_FORMAT = dwarf;
				ENABLE_STRICT_OBJC_MSGSEND = YES;
				ENABLE_TESTABILITY = YES;
				GCC_C_LANGUAGE_STANDARD = gnu11;
				GCC_DYNAMIC_NO_PIC = NO;
				GCC_NO_COMMON_BLOCKS = YES;
				GCC_OPTIMIZATION_LEVEL = 0;
				GCC_PREPROCESSOR_DEFINITIONS = (
					"DEBUG=1",
					"$(inherited)",
				);
				GCC_WARN_64_TO_32_BIT_CONVERSION = YES;
				GCC_WARN_ABOUT_RETURN_TYPE = YES_ERROR;
				GCC_WARN_UNDECLARED_SELECTOR = YES;
				GCC_WARN_UNINITIALIZED_AUTOS = YES_AGGRESSIVE;
				GCC_WARN_UNUSED_FUNCTION = YES;
				GCC_WARN_UNUSED_VARIABLE = YES;
				IPHONEOS_DEPLOYMENT_TARGET = 13.2;
				MTL_ENABLE_DEBUG_INFO = INCLUDE_SOURCE;
				MTL_FAST_MATH = YES;
				ONLY_ACTIVE_ARCH = YES;
				SDKROOT = iphoneos;
				SWIFT_ACTIVE_COMPILATION_CONDITIONS = DEBUG;
				SWIFT_OPTIMIZATION_LEVEL = "-Onone";
			};
			name = Debug;
		};
		D7A93EEA23FB388A00C5845E /* Release */ = {
			isa = XCBuildConfiguration;
			buildSettings = {
				ALWAYS_SEARCH_USER_PATHS = NO;
				CLANG_ANALYZER_NONNULL = YES;
				CLANG_ANALYZER_NUMBER_OBJECT_CONVERSION = YES_AGGRESSIVE;
				CLANG_CXX_LANGUAGE_STANDARD = "gnu++14";
				CLANG_CXX_LIBRARY = "libc++";
				CLANG_ENABLE_MODULES = YES;
				CLANG_ENABLE_OBJC_ARC = YES;
				CLANG_ENABLE_OBJC_WEAK = YES;
				CLANG_WARN_BLOCK_CAPTURE_AUTORELEASING = YES;
				CLANG_WARN_BOOL_CONVERSION = YES;
				CLANG_WARN_COMMA = YES;
				CLANG_WARN_CONSTANT_CONVERSION = YES;
				CLANG_WARN_DEPRECATED_OBJC_IMPLEMENTATIONS = YES;
				CLANG_WARN_DIRECT_OBJC_ISA_USAGE = YES_ERROR;
				CLANG_WARN_DOCUMENTATION_COMMENTS = YES;
				CLANG_WARN_EMPTY_BODY = YES;
				CLANG_WARN_ENUM_CONVERSION = YES;
				CLANG_WARN_INFINITE_RECURSION = YES;
				CLANG_WARN_INT_CONVERSION = YES;
				CLANG_WARN_NON_LITERAL_NULL_CONVERSION = YES;
				CLANG_WARN_OBJC_IMPLICIT_RETAIN_SELF = YES;
				CLANG_WARN_OBJC_LITERAL_CONVERSION = YES;
				CLANG_WARN_OBJC_ROOT_CLASS = YES_ERROR;
				CLANG_WARN_RANGE_LOOP_ANALYSIS = YES;
				CLANG_WARN_STRICT_PROTOTYPES = YES;
				CLANG_WARN_SUSPICIOUS_MOVE = YES;
				CLANG_WARN_UNGUARDED_AVAILABILITY = YES_AGGRESSIVE;
				CLANG_WARN_UNREACHABLE_CODE = YES;
				CLANG_WARN__DUPLICATE_METHOD_MATCH = YES;
				COPY_PHASE_STRIP = NO;
				DEBUG_INFORMATION_FORMAT = "dwarf-with-dsym";
				ENABLE_NS_ASSERTIONS = NO;
				ENABLE_STRICT_OBJC_MSGSEND = YES;
				GCC_C_LANGUAGE_STANDARD = gnu11;
				GCC_NO_COMMON_BLOCKS = YES;
				GCC_WARN_64_TO_32_BIT_CONVERSION = YES;
				GCC_WARN_ABOUT_RETURN_TYPE = YES_ERROR;
				GCC_WARN_UNDECLARED_SELECTOR = YES;
				GCC_WARN_UNINITIALIZED_AUTOS = YES_AGGRESSIVE;
				GCC_WARN_UNUSED_FUNCTION = YES;
				GCC_WARN_UNUSED_VARIABLE = YES;
				IPHONEOS_DEPLOYMENT_TARGET = 13.2;
				MTL_ENABLE_DEBUG_INFO = NO;
				MTL_FAST_MATH = YES;
				SDKROOT = iphoneos;
				SWIFT_COMPILATION_MODE = wholemodule;
				SWIFT_OPTIMIZATION_LEVEL = "-O";
				VALIDATE_PRODUCT = YES;
			};
			name = Release;
		};
		D7A93EEC23FB388A00C5845E /* Debug */ = {
			isa = XCBuildConfiguration;
			buildSettings = {
				ASSETCATALOG_COMPILER_APPICON_NAME = AppIcon;
				CODE_SIGN_STYLE = Automatic;
				DEVELOPMENT_ASSET_PATHS = "\"NC3/Preview Content\"";
				DEVELOPMENT_TEAM = QM43B7QRF9;
				ENABLE_PREVIEWS = YES;
				INFOPLIST_FILE = NC3/Info.plist;
				LD_RUNPATH_SEARCH_PATHS = (
					"$(inherited)",
					"@executable_path/Frameworks",
				);
				PRODUCT_BUNDLE_IDENTIFIER = pastre.github.io.NC3;
				PRODUCT_NAME = "$(TARGET_NAME)";
				SWIFT_VERSION = 5.0;
				TARGETED_DEVICE_FAMILY = "1,2";
			};
			name = Debug;
		};
		D7A93EED23FB388A00C5845E /* Release */ = {
			isa = XCBuildConfiguration;
			buildSettings = {
				ASSETCATALOG_COMPILER_APPICON_NAME = AppIcon;
				CODE_SIGN_STYLE = Automatic;
				DEVELOPMENT_ASSET_PATHS = "\"NC3/Preview Content\"";
				DEVELOPMENT_TEAM = QM43B7QRF9;
				ENABLE_PREVIEWS = YES;
				INFOPLIST_FILE = NC3/Info.plist;
				LD_RUNPATH_SEARCH_PATHS = (
					"$(inherited)",
					"@executable_path/Frameworks",
				);
				PRODUCT_BUNDLE_IDENTIFIER = pastre.github.io.NC3;
				PRODUCT_NAME = "$(TARGET_NAME)";
				SWIFT_VERSION = 5.0;
				TARGETED_DEVICE_FAMILY = "1,2";
			};
			name = Release;
		};
/* End XCBuildConfiguration section */

/* Begin XCConfigurationList section */
		D7A93ED223FB388800C5845E /* Build configuration list for PBXProject "NC3" */ = {
			isa = XCConfigurationList;
			buildConfigurations = (
				D7A93EE923FB388A00C5845E /* Debug */,
				D7A93EEA23FB388A00C5845E /* Release */,
			);
			defaultConfigurationIsVisible = 0;
			defaultConfigurationName = Release;
		};
		D7A93EEB23FB388A00C5845E /* Build configuration list for PBXNativeTarget "NC3" */ = {
			isa = XCConfigurationList;
			buildConfigurations = (
				D7A93EEC23FB388A00C5845E /* Debug */,
				D7A93EED23FB388A00C5845E /* Release */,
			);
			defaultConfigurationIsVisible = 0;
			defaultConfigurationName = Release;
		};
/* End XCConfigurationList section */
	};
	rootObject = D7A93ECF23FB388800C5845E /* Project object */;
}
